
Microsoft Visual Studio Solution File, Format Version 12.00
# Visual Studio Version 17
VisualStudioVersion = 17.8.34525.116
MinimumVisualStudioVersion = 10.0.40219.1
Project("{9A19103F-16F7-4668-BE54-9A1E7A4F7556}") = "PawLocator", "PawLocator\PawLocator.csproj", "{A6178F63-B4D0-4775-93FE-96D2EAC27091}"
EndProject
Project("{FAE04EC0-301F-11D3-BF4B-00C04F79EFBC}") = "PawLocator.Tests", "PawLocator.Tests\PawLocator.Tests.csproj", "{546D714F-AD42-4226-9742-8939B4F5663A}"
EndProject
Global
	GlobalSection(SolutionConfigurationPlatforms) = preSolution
		Debug|Any CPU = Debug|Any CPU
		Release|Any CPU = Release|Any CPU
	EndGlobalSection
	GlobalSection(ProjectConfigurationPlatforms) = postSolution
		{A6178F63-B4D0-4775-93FE-96D2EAC27091}.Debug|Any CPU.ActiveCfg = Debug|Any CPU
		{A6178F63-B4D0-4775-93FE-96D2EAC27091}.Debug|Any CPU.Build.0 = Debug|Any CPU
		{A6178F63-B4D0-4775-93FE-96D2EAC27091}.Release|Any CPU.ActiveCfg = Release|Any CPU
		{A6178F63-B4D0-4775-93FE-96D2EAC27091}.Release|Any CPU.Build.0 = Release|Any CPU
		{546D714F-AD42-4226-9742-8939B4F5663A}.Debug|Any CPU.ActiveCfg = Debug|Any CPU
		{546D714F-AD42-4226-9742-8939B4F5663A}.Debug|Any CPU.Build.0 = Debug|Any CPU
		{546D714F-AD42-4226-9742-8939B4F5663A}.Release|Any CPU.ActiveCfg = Release|Any CPU
		{546D714F-AD42-4226-9742-8939B4F5663A}.Release|Any CPU.Build.0 = Release|Any CPU
	EndGlobalSection
	GlobalSection(SolutionProperties) = preSolution
		HideSolutionNode = FALSE
	EndGlobalSection
	GlobalSection(ExtensibilityGlobals) = postSolution
		SolutionGuid = {45FC3300-4B94-4873-8254-1DEAA44DB37B}
	EndGlobalSection
EndGlobal
